
Microsoft Visual Studio Solution File, Format Version 12.00
# Visual Studio Version 16
VisualStudioVersion = 16.0.30804.86
MinimumVisualStudioVersion = 10.0.40219.1
Project("{FAE04EC0-301F-11D3-BF4B-00C04F79EFBC}") = "WcfService1", "WcfService1\WcfService1.csproj", "{B899D2DD-A049-4152-996E-5834F6D6D834}"
EndProject
Global
	GlobalSection(SolutionConfigurationPlatforms) = preSolution
		Debug|Any CPU = Debug|Any CPU
		Release|Any CPU = Release|Any CPU
	EndGlobalSection
	GlobalSection(ProjectConfigurationPlatforms) = postSolution
		{B899D2DD-A049-4152-996E-5834F6D6D834}.Debug|Any CPU.ActiveCfg = Debug|Any CPU
		{B899D2DD-A049-4152-996E-5834F6D6D834}.Debug|Any CPU.Build.0 = Debug|Any CPU
		{B899D2DD-A049-4152-996E-5834F6D6D834}.Release|Any CPU.ActiveCfg = Release|Any CPU
		{B899D2DD-A049-4152-996E-5834F6D6D834}.Release|Any CPU.Build.0 = Release|Any CPU
	EndGlobalSection
	GlobalSection(SolutionProperties) = preSolution
		HideSolutionNode = FALSE
	EndGlobalSection
	GlobalSection(ExtensibilityGlobals) = postSolution
		SolutionGuid = {32C2BFB7-2CEF-4233-BF80-DA0FCE9DD947}
	EndGlobalSection
EndGlobal
